<Solution>
  <Folder Name="/Backend/">
    <Project Path="F:/TalentForm2025/Api/Api.csproj" Id="de7d436a-db68-4398-9d11-911f976fda0e" />
    <Project Path="F:/TalentForm2025/Backend/Dtos/Dtos.csproj" />
    <Project Path="F:/TalentForm2025/Models/Models.csproj" />
  </Folder>
  <Folder Name="/Frontend/" />
  <Folder Name="/Maui/" />
</Solution>
